
Microsoft Visual Studio Solution File, Format Version 12.00
# Visual Studio Version 17
VisualStudioVersion = 17.2.32526.322
MinimumVisualStudioVersion = 10.0.40219.1
Project("{F2A71F9B-5D33-465A-A702-920D77279786}") = "ConsoleApp1pregunta1", "ConsoleApp1pregunta1\ConsoleApp1pregunta1.fsproj", "{DE460743-58E0-4487-9FDA-452790280AE3}"
EndProject
Global
	GlobalSection(SolutionConfigurationPlatforms) = preSolution
		Debug|Any CPU = Debug|Any CPU
		Release|Any CPU = Release|Any CPU
	EndGlobalSection
	GlobalSection(ProjectConfigurationPlatforms) = postSolution
		{DE460743-58E0-4487-9FDA-452790280AE3}.Debug|Any CPU.ActiveCfg = Debug|Any CPU
		{DE460743-58E0-4487-9FDA-452790280AE3}.Debug|Any CPU.Build.0 = Debug|Any CPU
		{DE460743-58E0-4487-9FDA-452790280AE3}.Release|Any CPU.ActiveCfg = Release|Any CPU
		{DE460743-58E0-4487-9FDA-452790280AE3}.Release|Any CPU.Build.0 = Release|Any CPU
	EndGlobalSection
	GlobalSection(SolutionProperties) = preSolution
		HideSolutionNode = FALSE
	EndGlobalSection
	GlobalSection(ExtensibilityGlobals) = postSolution
		SolutionGuid = {29563A38-49BA-4F4B-8324-CCAADF2C6124}
	EndGlobalSection
EndGlobal
